
Microsoft Visual Studio Solution File, Format Version 12.00
# Visual Studio Version 17
VisualStudioVersion = 17.6.33801.468
MinimumVisualStudioVersion = 10.0.40219.1
Project("{FAE04EC0-301F-11D3-BF4B-00C04F79EFBC}") = "EFModrelCreateApp", "EFModrelCreateApp\EFModrelCreateApp.csproj", "{42FDBD2A-4C73-4185-B131-C4A649EF404E}"
EndProject
Global
	GlobalSection(SolutionConfigurationPlatforms) = preSolution
		Debug|Any CPU = Debug|Any CPU
		Release|Any CPU = Release|Any CPU
	EndGlobalSection
	GlobalSection(ProjectConfigurationPlatforms) = postSolution
		{42FDBD2A-4C73-4185-B131-C4A649EF404E}.Debug|Any CPU.ActiveCfg = Debug|Any CPU
		{42FDBD2A-4C73-4185-B131-C4A649EF404E}.Debug|Any CPU.Build.0 = Debug|Any CPU
		{42FDBD2A-4C73-4185-B131-C4A649EF404E}.Release|Any CPU.ActiveCfg = Release|Any CPU
		{42FDBD2A-4C73-4185-B131-C4A649EF404E}.Release|Any CPU.Build.0 = Release|Any CPU
	EndGlobalSection
	GlobalSection(SolutionProperties) = preSolution
		HideSolutionNode = FALSE
	EndGlobalSection
	GlobalSection(ExtensibilityGlobals) = postSolution
		SolutionGuid = {4CC13ACA-578F-498B-AD95-DD2CBBF44FE4}
	EndGlobalSection
EndGlobal
